
Microsoft Visual Studio Solution File, Format Version 12.00
# Visual Studio Version 17
VisualStudioVersion = 17.2.32526.322
MinimumVisualStudioVersion = 10.0.40219.1
Project("{FAE04EC0-301F-11D3-BF4B-00C04F79EFBC}") = "Musica12", "Musica12\Musica12.csproj", "{B95CB862-70DF-4009-9888-1D3B5EE2D4EA}"
EndProject
Global
	GlobalSection(SolutionConfigurationPlatforms) = preSolution
		Debug|Any CPU = Debug|Any CPU
		Release|Any CPU = Release|Any CPU
	EndGlobalSection
	GlobalSection(ProjectConfigurationPlatforms) = postSolution
		{B95CB862-70DF-4009-9888-1D3B5EE2D4EA}.Debug|Any CPU.ActiveCfg = Debug|Any CPU
		{B95CB862-70DF-4009-9888-1D3B5EE2D4EA}.Debug|Any CPU.Build.0 = Debug|Any CPU
		{B95CB862-70DF-4009-9888-1D3B5EE2D4EA}.Release|Any CPU.ActiveCfg = Release|Any CPU
		{B95CB862-70DF-4009-9888-1D3B5EE2D4EA}.Release|Any CPU.Build.0 = Release|Any CPU
	EndGlobalSection
	GlobalSection(SolutionProperties) = preSolution
		HideSolutionNode = FALSE
	EndGlobalSection
	GlobalSection(ExtensibilityGlobals) = postSolution
		SolutionGuid = {C386570C-E7B4-4E12-9DA0-149170CE0D23}
	EndGlobalSection
EndGlobal
